
Microsoft Visual Studio Solution File, Format Version 12.00
# Visual Studio Version 17
VisualStudioVersion = 17.6.33829.357
MinimumVisualStudioVersion = 10.0.40219.1
Project("{FAE04EC0-301F-11D3-BF4B-00C04F79EFBC}") = "StudyingMethod12", "StudyingMethod12\StudyingMethod12.csproj", "{E3BB394C-1916-414C-A5FE-5A86B4E34475}"
EndProject
Global
	GlobalSection(SolutionConfigurationPlatforms) = preSolution
		Debug|Any CPU = Debug|Any CPU
		Release|Any CPU = Release|Any CPU
	EndGlobalSection
	GlobalSection(ProjectConfigurationPlatforms) = postSolution
		{E3BB394C-1916-414C-A5FE-5A86B4E34475}.Debug|Any CPU.ActiveCfg = Debug|Any CPU
		{E3BB394C-1916-414C-A5FE-5A86B4E34475}.Debug|Any CPU.Build.0 = Debug|Any CPU
		{E3BB394C-1916-414C-A5FE-5A86B4E34475}.Release|Any CPU.ActiveCfg = Release|Any CPU
		{E3BB394C-1916-414C-A5FE-5A86B4E34475}.Release|Any CPU.Build.0 = Release|Any CPU
	EndGlobalSection
	GlobalSection(SolutionProperties) = preSolution
		HideSolutionNode = FALSE
	EndGlobalSection
	GlobalSection(ExtensibilityGlobals) = postSolution
		SolutionGuid = {D66E02E7-B1E6-4159-BD19-9CF8DFAA5330}
	EndGlobalSection
EndGlobal
